<?xml version="1.0" encoding="utf-8"?>
<Project ToolsVersion="4.0" xmlns="http://schemas.microsoft.com/developer/msbuild/2003">
  <ItemGroup>
    <Filter Include="CodePath">
      <UniqueIdentifier>{c5967658-fd34-4e1f-8cf3-b23dfeb7bf81}</UniqueIdentifier>
    </Filter>
    <Filter Include="Parts">
      <UniqueIdentifier>{e46b9473-b8e1-45a3-a44f-61c7da227805}</UniqueIdentifier>
    </Filter>
    <Filter Include="Modules">
      <UniqueIdentifier>{d8c725d3-fcc0-48e9-ab54-c2c0daa78e28}</UniqueIdentifier>
    </Filter>
    <Filter Include="Test">
      <UniqueIdentifier>{3bf4ea56-b8d7-4460-9811-1a7290250ed0}</UniqueIdentifier>
    </Filter>
  </ItemGroup>
  <ItemGroup>
    <ClCompile Include="HugeEnumToString.cpp">
      <Filter>Parts</Filter>
    </ClCompile>
    <ClCompile Include="main.cpp">
      <Filter>CodePath</Filter>
    </ClCompile>
    <ClCompile Include="MainWnd.cpp">
      <Filter>Parts</Filter>
    </ClCompile>
    <ClCompile Include="Testor.cpp">
      <Filter>Test</Filter>
    </ClCompile>
  </ItemGroup>
  <ItemGroup>
    <ClInclude Include="HugeEnumToString.h">
      <Filter>Parts</Filter>
    </ClInclude>
    <ClInclude Include="MainWnd.h">
      <Filter>Parts</Filter>
    </ClInclude>
    <ClInclude Include="Testor.h">
      <Filter>Parts</Filter>
    </ClInclude>
  </ItemGroup>
</Project>